
Microsoft Visual Studio Solution File, Format Version 12.00
# Visual Studio Version 16
VisualStudioVersion = 16.0.29001.49
MinimumVisualStudioVersion = 10.0.40219.1
Project("{FAE04EC0-301F-11D3-BF4B-00C04F79EFBC}") = "Codility", "Codility\Codility.csproj", "{B60504AB-6448-4A93-9300-B9F8D86F46F4}"
EndProject
Project("{FAE04EC0-301F-11D3-BF4B-00C04F79EFBC}") = "CodilityTest", "CodilityTest\CodilityTest.csproj", "{CCAD8F5E-BD28-4C9E-9D19-2802DD753E19}"
EndProject
Global
	GlobalSection(SolutionConfigurationPlatforms) = preSolution
		Debug|Any CPU = Debug|Any CPU
		Release|Any CPU = Release|Any CPU
	EndGlobalSection
	GlobalSection(ProjectConfigurationPlatforms) = postSolution
		{B60504AB-6448-4A93-9300-B9F8D86F46F4}.Debug|Any CPU.ActiveCfg = Debug|Any CPU
		{B60504AB-6448-4A93-9300-B9F8D86F46F4}.Debug|Any CPU.Build.0 = Debug|Any CPU
		{B60504AB-6448-4A93-9300-B9F8D86F46F4}.Release|Any CPU.ActiveCfg = Release|Any CPU
		{B60504AB-6448-4A93-9300-B9F8D86F46F4}.Release|Any CPU.Build.0 = Release|Any CPU
		{CCAD8F5E-BD28-4C9E-9D19-2802DD753E19}.Debug|Any CPU.ActiveCfg = Debug|Any CPU
		{CCAD8F5E-BD28-4C9E-9D19-2802DD753E19}.Debug|Any CPU.Build.0 = Debug|Any CPU
		{CCAD8F5E-BD28-4C9E-9D19-2802DD753E19}.Release|Any CPU.ActiveCfg = Release|Any CPU
		{CCAD8F5E-BD28-4C9E-9D19-2802DD753E19}.Release|Any CPU.Build.0 = Release|Any CPU
	EndGlobalSection
	GlobalSection(SolutionProperties) = preSolution
		HideSolutionNode = FALSE
	EndGlobalSection
	GlobalSection(ExtensibilityGlobals) = postSolution
		SolutionGuid = {30E266F1-1F87-4932-AD6A-B9E407E28631}
	EndGlobalSection
EndGlobal
